
Microsoft Visual Studio Solution File, Format Version 12.00
# Visual Studio 2013
VisualStudioVersion = 12.0.31101.0
MinimumVisualStudioVersion = 10.0.40219.1
Project("{1B19158F-E398-40A6-8E3B-350508E125F1}") = "Application1", "Application1\Application1.dxjsproj", "{4667C05D-F452-46C9-A44B-3B7EEFEB089A}"
EndProject
Global
	GlobalSection(SolutionConfigurationPlatforms) = preSolution
		Debug|Any CPU = Debug|Any CPU
		Release|Any CPU = Release|Any CPU
	EndGlobalSection
	GlobalSection(ProjectConfigurationPlatforms) = postSolution
		{4667C05D-F452-46C9-A44B-3B7EEFEB089A}.Debug|Any CPU.ActiveCfg = Debug|Any CPU
		{4667C05D-F452-46C9-A44B-3B7EEFEB089A}.Debug|Any CPU.Build.0 = Debug|Any CPU
		{4667C05D-F452-46C9-A44B-3B7EEFEB089A}.Release|Any CPU.ActiveCfg = Release|Any CPU
		{4667C05D-F452-46C9-A44B-3B7EEFEB089A}.Release|Any CPU.Build.0 = Release|Any CPU
	EndGlobalSection
	GlobalSection(SolutionProperties) = preSolution
		HideSolutionNode = FALSE
	EndGlobalSection
EndGlobal
